// !$*UTF8*$!
{
	archiveVersion = 1;
	classes = {
	};
	objectVersion = 50;
	objects = {

/* Begin PBXBuildFile section */
		F28402C0252242E400458C7E /* AppDelegate.swift in Sources */ = {isa = PBXBuildFile; fileRef = F28402BF252242E400458C7E /* AppDelegate.swift */; };
		F28402C2252242E400458C7E /* SceneDelegate.swift in Sources */ = {isa = PBXBuildFile; fileRef = F28402C1252242E400458C7E /* SceneDelegate.swift */; };
		F28402C4252242E400458C7E /* ViewController.swift in Sources */ = {isa = PBXBuildFile; fileRef = F28402C3252242E400458C7E /* ViewController.swift */; };
		F28402C7252242E400458C7E /* Main.storyboard in Resources */ = {isa = PBXBuildFile; fileRef = F28402C5252242E400458C7E /* Main.storyboard */; };
		F28402C9252242EC00458C7E /* Assets.xcassets in Resources */ = {isa = PBXBuildFile; fileRef = F28402C8252242EC00458C7E /* Assets.xcassets */; };
		F28402CC252242EC00458C7E /* LaunchScreen.storyboard in Resources */ = {isa = PBXBuildFile; fileRef = F28402CA252242EC00458C7E /* LaunchScreen.storyboard */; };
		F28402D7252242ED00458C7E /* lbPDSwiftTests.swift in Sources */ = {isa = PBXBuildFile; fileRef = F28402D6252242ED00458C7E /* lbPDSwiftTests.swift */; };
		F28402E2252242ED00458C7E /* lbPDSwiftUITests.swift in Sources */ = {isa = PBXBuildFile; fileRef = F28402E1252242ED00458C7E /* lbPDSwiftUITests.swift */; };
		F28403012522438700458C7E /* libpd-ios.a in Frameworks */ = {isa = PBXBuildFile; fileRef = F28402F72522434900458C7E /* libpd-ios.a */; };
		F28403032522439000458C7E /* AudioToolbox.framework in Frameworks */ = {isa = PBXBuildFile; fileRef = F28403022522439000458C7E /* AudioToolbox.framework */; };
		F28403052522439600458C7E /* AVFoundation.framework in Frameworks */ = {isa = PBXBuildFile; fileRef = F28403042522439600458C7E /* AVFoundation.framework */; };
		F284034A2522495500458C7E /* PDPatch.m in Sources */ = {isa = PBXBuildFile; fileRef = F28403482522495500458C7E /* PDPatch.m */; };
		F284034B2522495500458C7E /* PDPatch.m in Sources */ = {isa = PBXBuildFile; fileRef = F28403482522495500458C7E /* PDPatch.m */; };
		F284034C2522495500458C7E /* PDPatch.m in Sources */ = {isa = PBXBuildFile; fileRef = F28403482522495500458C7E /* PDPatch.m */; };
		F284035625225CDC00458C7E /* sine440.pd in Resources */ = {isa = PBXBuildFile; fileRef = F284035525225CDB00458C7E /* sine440.pd */; };
		F284035725225CDC00458C7E /* sine440.pd in Resources */ = {isa = PBXBuildFile; fileRef = F284035525225CDB00458C7E /* sine440.pd */; };
		F284035825225CDC00458C7E /* sine440.pd in Resources */ = {isa = PBXBuildFile; fileRef = F284035525225CDB00458C7E /* sine440.pd */; };
/* End PBXBuildFile section */

/* Begin PBXContainerItemProxy section */
		F28402D3252242ED00458C7E /* PBXContainerItemProxy */ = {
			isa = PBXContainerItemProxy;
			containerPortal = F28402B4252242E400458C7E /* Project object */;
			proxyType = 1;
			remoteGlobalIDString = F28402BB252242E400458C7E;
			remoteInfo = lbPDSwift;
		};
		F28402DE252242ED00458C7E /* PBXContainerItemProxy */ = {
			isa = PBXContainerItemProxy;
			containerPortal = F28402B4252242E400458C7E /* Project object */;
			proxyType = 1;
			remoteGlobalIDString = F28402BB252242E400458C7E;
			remoteInfo = lbPDSwift;
		};
		F28402F62522434900458C7E /* PBXContainerItemProxy */ = {
			isa = PBXContainerItemProxy;
			containerPortal = F28402EF2522434900458C7E /* libpd.xcodeproj */;
			proxyType = 2;
			remoteGlobalIDString = D2AAC07E0554694100DB518D;
			remoteInfo = "libpd-ios";
		};
		F28402F82522434900458C7E /* PBXContainerItemProxy */ = {
			isa = PBXContainerItemProxy;
			containerPortal = F28402EF2522434900458C7E /* libpd.xcodeproj */;
			proxyType = 2;
			remoteGlobalIDString = 119013AB1486450C00086F19;
			remoteInfo = "libpd-osx";
		};
		F28402FA2522434900458C7E /* PBXContainerItemProxy */ = {
			isa = PBXContainerItemProxy;
			containerPortal = F28402EF2522434900458C7E /* libpd.xcodeproj */;
			proxyType = 2;
			remoteGlobalIDString = 30C3D36D1FAA200100C67F08;
			remoteInfo = "libpd-ios-multi";
		};
		F28402FC2522434900458C7E /* PBXContainerItemProxy */ = {
			isa = PBXContainerItemProxy;
			containerPortal = F28402EF2522434900458C7E /* libpd.xcodeproj */;
			proxyType = 2;
			remoteGlobalIDString = 30C3D2FA1FAA1FCC00C67F08;
			remoteInfo = "libpd-osx-multi";
		};
		F28402FE2522437E00458C7E /* PBXContainerItemProxy */ = {
			isa = PBXContainerItemProxy;
			containerPortal = F28402EF2522434900458C7E /* libpd.xcodeproj */;
			proxyType = 1;
			remoteGlobalIDString = D2AAC07D0554694100DB518D;
			remoteInfo = "libpd-ios";
		};
/* End PBXContainerItemProxy section */

/* Begin PBXFileReference section */
		F28402BC252242E400458C7E /* lbPDSwift.app */ = {isa = PBXFileReference; explicitFileType = wrapper.application; includeInIndex = 0; path = lbPDSwift.app; sourceTree = BUILT_PRODUCTS_DIR; };
		F28402BF252242E400458C7E /* AppDelegate.swift */ = {isa = PBXFileReference; lastKnownFileType = sourcecode.swift; path = AppDelegate.swift; sourceTree = "<group>"; };
		F28402C1252242E400458C7E /* SceneDelegate.swift */ = {isa = PBXFileReference; lastKnownFileType = sourcecode.swift; path = SceneDelegate.swift; sourceTree = "<group>"; };
		F28402C3252242E400458C7E /* ViewController.swift */ = {isa = PBXFileReference; lastKnownFileType = sourcecode.swift; path = ViewController.swift; sourceTree = "<group>"; };
		F28402C6252242E400458C7E /* Base */ = {isa = PBXFileReference; lastKnownFileType = file.storyboard; name = Base; path = Base.lproj/Main.storyboard; sourceTree = "<group>"; };
		F28402C8252242EC00458C7E /* Assets.xcassets */ = {isa = PBXFileReference; lastKnownFileType = folder.assetcatalog; path = Assets.xcassets; sourceTree = "<group>"; };
		F28402CB252242EC00458C7E /* Base */ = {isa = PBXFileReference; lastKnownFileType = file.storyboard; name = Base; path = Base.lproj/LaunchScreen.storyboard; sourceTree = "<group>"; };
		F28402CD252242EC00458C7E /* Info.plist */ = {isa = PBXFileReference; lastKnownFileType = text.plist.xml; path = Info.plist; sourceTree = "<group>"; };
		F28402D2252242ED00458C7E /* lbPDSwiftTests.xctest */ = {isa = PBXFileReference; explicitFileType = wrapper.cfbundle; includeInIndex = 0; path = lbPDSwiftTests.xctest; sourceTree = BUILT_PRODUCTS_DIR; };
		F28402D6252242ED00458C7E /* lbPDSwiftTests.swift */ = {isa = PBXFileReference; lastKnownFileType = sourcecode.swift; path = lbPDSwiftTests.swift; sourceTree = "<group>"; };
		F28402D8252242ED00458C7E /* Info.plist */ = {isa = PBXFileReference; lastKnownFileType = text.plist.xml; path = Info.plist; sourceTree = "<group>"; };
		F28402DD252242ED00458C7E /* lbPDSwiftUITests.xctest */ = {isa = PBXFileReference; explicitFileType = wrapper.cfbundle; includeInIndex = 0; path = lbPDSwiftUITests.xctest; sourceTree = BUILT_PRODUCTS_DIR; };
		F28402E1252242ED00458C7E /* lbPDSwiftUITests.swift */ = {isa = PBXFileReference; lastKnownFileType = sourcecode.swift; path = lbPDSwiftUITests.swift; sourceTree = "<group>"; };
		F28402E3252242ED00458C7E /* Info.plist */ = {isa = PBXFileReference; lastKnownFileType = text.plist.xml; path = Info.plist; sourceTree = "<group>"; };
		F28402EF2522434900458C7E /* libpd.xcodeproj */ = {isa = PBXFileReference; lastKnownFileType = "wrapper.pb-project"; name = libpd.xcodeproj; path = "../pd-for-ios/libpd/libpd.xcodeproj"; sourceTree = "<group>"; };
		F28403022522439000458C7E /* AudioToolbox.framework */ = {isa = PBXFileReference; lastKnownFileType = wrapper.framework; name = AudioToolbox.framework; path = System/Library/Frameworks/AudioToolbox.framework; sourceTree = SDKROOT; };
		F28403042522439600458C7E /* AVFoundation.framework */ = {isa = PBXFileReference; lastKnownFileType = wrapper.framework; name = AVFoundation.framework; path = System/Library/Frameworks/AVFoundation.framework; sourceTree = SDKROOT; };
		F28403062522449C00458C7E /* lbPDSwift-Bridging-Header.h */ = {isa = PBXFileReference; lastKnownFileType = sourcecode.c.h; path = "lbPDSwift-Bridging-Header.h"; sourceTree = "<group>"; };
		F28403482522495500458C7E /* PDPatch.m */ = {isa = PBXFileReference; fileEncoding = 4; lastKnownFileType = sourcecode.c.objc; path = PDPatch.m; sourceTree = "<group>"; };
		F28403492522495500458C7E /* PDPatch.h */ = {isa = PBXFileReference; fileEncoding = 4; lastKnownFileType = sourcecode.c.h; path = PDPatch.h; sourceTree = "<group>"; };
		F284035525225CDB00458C7E /* sine440.pd */ = {isa = PBXFileReference; fileEncoding = 4; lastKnownFileType = text; name = sine440.pd; path = ../../patches/sine440.pd; sourceTree = "<group>"; };
/* End PBXFileReference section */

/* Begin PBXFrameworksBuildPhase section */
		F28402B9252242E400458C7E /* Frameworks */ = {
			isa = PBXFrameworksBuildPhase;
			buildActionMask = 2147483647;
			files = (
				F28403052522439600458C7E /* AVFoundation.framework in Frameworks */,
				F28403032522439000458C7E /* AudioToolbox.framework in Frameworks */,
				F28403012522438700458C7E /* libpd-ios.a in Frameworks */,
			);
			runOnlyForDeploymentPostprocessing = 0;
		};
		F28402CF252242ED00458C7E /* Frameworks */ = {
			isa = PBXFrameworksBuildPhase;
			buildActionMask = 2147483647;
			files = (
			);
			runOnlyForDeploymentPostprocessing = 0;
		};
		F28402DA252242ED00458C7E /* Frameworks */ = {
			isa = PBXFrameworksBuildPhase;
			buildActionMask = 2147483647;
			files = (
			);
			runOnlyForDeploymentPostprocessing = 0;
		};
/* End PBXFrameworksBuildPhase section */

/* Begin PBXGroup section */
		F28402B3252242E400458C7E = {
			isa = PBXGroup;
			children = (
				F28402EF2522434900458C7E /* libpd.xcodeproj */,
				F28402BE252242E400458C7E /* lbPDSwift */,
				F28402D5252242ED00458C7E /* lbPDSwiftTests */,
				F28402E0252242ED00458C7E /* lbPDSwiftUITests */,
				F28402BD252242E400458C7E /* Products */,
				F28403002522438700458C7E /* Frameworks */,
			);
			sourceTree = "<group>";
		};
		F28402BD252242E400458C7E /* Products */ = {
			isa = PBXGroup;
			children = (
				F28402BC252242E400458C7E /* lbPDSwift.app */,
				F28402D2252242ED00458C7E /* lbPDSwiftTests.xctest */,
				F28402DD252242ED00458C7E /* lbPDSwiftUITests.xctest */,
			);
			name = Products;
			sourceTree = "<group>";
		};
		F28402BE252242E400458C7E /* lbPDSwift */ = {
			isa = PBXGroup;
			children = (
				F28403062522449C00458C7E /* lbPDSwift-Bridging-Header.h */,
				F284035525225CDB00458C7E /* sine440.pd */,
				F28402BF252242E400458C7E /* AppDelegate.swift */,
				F28403492522495500458C7E /* PDPatch.h */,
				F28403482522495500458C7E /* PDPatch.m */,
				F28402C1252242E400458C7E /* SceneDelegate.swift */,
				F28402C3252242E400458C7E /* ViewController.swift */,
				F28402C5252242E400458C7E /* Main.storyboard */,
				F28402C8252242EC00458C7E /* Assets.xcassets */,
				F28402CA252242EC00458C7E /* LaunchScreen.storyboard */,
				F28402CD252242EC00458C7E /* Info.plist */,
			);
			path = lbPDSwift;
			sourceTree = "<group>";
		};
		F28402D5252242ED00458C7E /* lbPDSwiftTests */ = {
			isa = PBXGroup;
			children = (
				F28402D6252242ED00458C7E /* lbPDSwiftTests.swift */,
				F28402D8252242ED00458C7E /* Info.plist */,
			);
			path = lbPDSwiftTests;
			sourceTree = "<group>";
		};
		F28402E0252242ED00458C7E /* lbPDSwiftUITests */ = {
			isa = PBXGroup;
			children = (
				F28402E1252242ED00458C7E /* lbPDSwiftUITests.swift */,
				F28402E3252242ED00458C7E /* Info.plist */,
			);
			path = lbPDSwiftUITests;
			sourceTree = "<group>";
		};
		F28402F02522434900458C7E /* Products */ = {
			isa = PBXGroup;
			children = (
				F28402F72522434900458C7E /* libpd-ios.a */,
				F28402F92522434900458C7E /* libpd-osx.a */,
				F28402FB2522434900458C7E /* libpd-ios-multi.a */,
				F28402FD2522434900458C7E /* libpd-osx-multi.a */,
			);
			name = Products;
			sourceTree = "<group>";
		};
		F28403002522438700458C7E /* Frameworks */ = {
			isa = PBXGroup;
			children = (
				F28403042522439600458C7E /* AVFoundation.framework */,
				F28403022522439000458C7E /* AudioToolbox.framework */,
			);
			name = Frameworks;
			sourceTree = "<group>";
		};
/* End PBXGroup section */

/* Begin PBXNativeTarget section */
		F28402BB252242E400458C7E /* lbPDSwift */ = {
			isa = PBXNativeTarget;
			buildConfigurationList = F28402E6252242ED00458C7E /* Build configuration list for PBXNativeTarget "lbPDSwift" */;
			buildPhases = (
				F28402B8252242E400458C7E /* Sources */,
				F28402B9252242E400458C7E /* Frameworks */,
				F28402BA252242E400458C7E /* Resources */,
			);
			buildRules = (
			);
			dependencies = (
				F28402FF2522437E00458C7E /* PBXTargetDependency */,
			);
			name = lbPDSwift;
			productName = lbPDSwift;
			productReference = F28402BC252242E400458C7E /* lbPDSwift.app */;
			productType = "com.apple.product-type.application";
		};
		F28402D1252242ED00458C7E /* lbPDSwiftTests */ = {
			isa = PBXNativeTarget;
			buildConfigurationList = F28402E9252242ED00458C7E /* Build configuration list for PBXNativeTarget "lbPDSwiftTests" */;
			buildPhases = (
				F28402CE252242ED00458C7E /* Sources */,
				F28402CF252242ED00458C7E /* Frameworks */,
				F28402D0252242ED00458C7E /* Resources */,
			);
			buildRules = (
			);
			dependencies = (
				F28402D4252242ED00458C7E /* PBXTargetDependency */,
			);
			name = lbPDSwiftTests;
			productName = lbPDSwiftTests;
			productReference = F28402D2252242ED00458C7E /* lbPDSwiftTests.xctest */;
			productType = "com.apple.product-type.bundle.unit-test";
		};
		F28402DC252242ED00458C7E /* lbPDSwiftUITests */ = {
			isa = PBXNativeTarget;
			buildConfigurationList = F28402EC252242ED00458C7E /* Build configuration list for PBXNativeTarget "lbPDSwiftUITests" */;
			buildPhases = (
				F28402D9252242ED00458C7E /* Sources */,
				F28402DA252242ED00458C7E /* Frameworks */,
				F28402DB252242ED00458C7E /* Resources */,
			);
			buildRules = (
			);
			dependencies = (
				F28402DF252242ED00458C7E /* PBXTargetDependency */,
			);
			name = lbPDSwiftUITests;
			productName = lbPDSwiftUITests;
			productReference = F28402DD252242ED00458C7E /* lbPDSwiftUITests.xctest */;
			productType = "com.apple.product-type.bundle.ui-testing";
		};
/* End PBXNativeTarget section */

/* Begin PBXProject section */
		F28402B4252242E400458C7E /* Project object */ = {
			isa = PBXProject;
			attributes = {
				LastSwiftUpdateCheck = 1140;
				LastUpgradeCheck = 1140;
				ORGANIZATIONNAME = "Tim-Tarek Grund";
				TargetAttributes = {
					F28402BB252242E400458C7E = {
						CreatedOnToolsVersion = 11.4.1;
						LastSwiftMigration = 1140;
					};
					F28402D1252242ED00458C7E = {
						CreatedOnToolsVersion = 11.4.1;
						LastSwiftMigration = 1140;
						TestTargetID = F28402BB252242E400458C7E;
					};
					F28402DC252242ED00458C7E = {
						CreatedOnToolsVersion = 11.4.1;
						LastSwiftMigration = 1140;
						TestTargetID = F28402BB252242E400458C7E;
					};
				};
			};
			buildConfigurationList = F28402B7252242E400458C7E /* Build configuration list for PBXProject "lbPDSwift" */;
			compatibilityVersion = "Xcode 9.3";
			developmentRegion = en;
			hasScannedForEncodings = 0;
			knownRegions = (
				en,
				Base,
			);
			mainGroup = F28402B3252242E400458C7E;
			productRefGroup = F28402BD252242E400458C7E /* Products */;
			projectDirPath = "";
			projectReferences = (
				{
					ProductGroup = F28402F02522434900458C7E /* Products */;
					ProjectRef = F28402EF2522434900458C7E /* libpd.xcodeproj */;
				},
			);
			projectRoot = "";
			targets = (
				F28402BB252242E400458C7E /* lbPDSwift */,
				F28402D1252242ED00458C7E /* lbPDSwiftTests */,
				F28402DC252242ED00458C7E /* lbPDSwiftUITests */,
			);
		};
/* End PBXProject section */

/* Begin PBXReferenceProxy section */
		F28402F72522434900458C7E /* libpd-ios.a */ = {
			isa = PBXReferenceProxy;
			fileType = archive.ar;
			path = "libpd-ios.a";
			remoteRef = F28402F62522434900458C7E /* PBXContainerItemProxy */;
			sourceTree = BUILT_PRODUCTS_DIR;
		};
		F28402F92522434900458C7E /* libpd-osx.a */ = {
			isa = PBXReferenceProxy;
			fileType = archive.ar;
			path = "libpd-osx.a";
			remoteRef = F28402F82522434900458C7E /* PBXContainerItemProxy */;
			sourceTree = BUILT_PRODUCTS_DIR;
		};
		F28402FB2522434900458C7E /* libpd-ios-multi.a */ = {
			isa = PBXReferenceProxy;
			fileType = archive.ar;
			path = "libpd-ios-multi.a";
			remoteRef = F28402FA2522434900458C7E /* PBXContainerItemProxy */;
			sourceTree = BUILT_PRODUCTS_DIR;
		};
		F28402FD2522434900458C7E /* libpd-osx-multi.a */ = {
			isa = PBXReferenceProxy;
			fileType = archive.ar;
			path = "libpd-osx-multi.a";
			remoteRef = F28402FC2522434900458C7E /* PBXContainerItemProxy */;
			sourceTree = BUILT_PRODUCTS_DIR;
		};
/* End PBXReferenceProxy section */

/* Begin PBXResourcesBuildPhase section */
		F28402BA252242E400458C7E /* Resources */ = {
			isa = PBXResourcesBuildPhase;
			buildActionMask = 2147483647;
			files = (
				F28402CC252242EC00458C7E /* LaunchScreen.storyboard in Resources */,
				F28402C9252242EC00458C7E /* Assets.xcassets in Resources */,
				F28402C7252242E400458C7E /* Main.storyboard in Resources */,
				F284035625225CDC00458C7E /* sine440.pd in Resources */,
			);
			runOnlyForDeploymentPostprocessing = 0;
		};
		F28402D0252242ED00458C7E /* Resources */ = {
			isa = PBXResourcesBuildPhase;
			buildActionMask = 2147483647;
			files = (
				F284035725225CDC00458C7E /* sine440.pd in Resources */,
			);
			runOnlyForDeploymentPostprocessing = 0;
		};
		F28402DB252242ED00458C7E /* Resources */ = {
			isa = PBXResourcesBuildPhase;
			buildActionMask = 2147483647;
			files = (
				F284035825225CDC00458C7E /* sine440.pd in Resources */,
			);
			runOnlyForDeploymentPostprocessing = 0;
		};
/* End PBXResourcesBuildPhase section */

/* Begin PBXSourcesBuildPhase section */
		F28402B8252242E400458C7E /* Sources */ = {
			isa = PBXSourcesBuildPhase;
			buildActionMask = 2147483647;
			files = (
				F284034A2522495500458C7E /* PDPatch.m in Sources */,
				F28402C4252242E400458C7E /* ViewController.swift in Sources */,
				F28402C0252242E400458C7E /* AppDelegate.swift in Sources */,
				F28402C2252242E400458C7E /* SceneDelegate.swift in Sources */,
			);
			runOnlyForDeploymentPostprocessing = 0;
		};
		F28402CE252242ED00458C7E /* Sources */ = {
			isa = PBXSourcesBuildPhase;
			buildActionMask = 2147483647;
			files = (
				F284034B2522495500458C7E /* PDPatch.m in Sources */,
				F28402D7252242ED00458C7E /* lbPDSwiftTests.swift in Sources */,
			);
			runOnlyForDeploymentPostprocessing = 0;
		};
		F28402D9252242ED00458C7E /* Sources */ = {
			isa = PBXSourcesBuildPhase;
			buildActionMask = 2147483647;
			files = (
				F284034C2522495500458C7E /* PDPatch.m in Sources */,
				F28402E2252242ED00458C7E /* lbPDSwiftUITests.swift in Sources */,
			);
			runOnlyForDeploymentPostprocessing = 0;
		};
/* End PBXSourcesBuildPhase section */

/* Begin PBXTargetDependency section */
		F28402D4252242ED00458C7E /* PBXTargetDependency */ = {
			isa = PBXTargetDependency;
			target = F28402BB252242E400458C7E /* lbPDSwift */;
			targetProxy = F28402D3252242ED00458C7E /* PBXContainerItemProxy */;
		};
		F28402DF252242ED00458C7E /* PBXTargetDependency */ = {
			isa = PBXTargetDependency;
			target = F28402BB252242E400458C7E /* lbPDSwift */;
			targetProxy = F28402DE252242ED00458C7E /* PBXContainerItemProxy */;
		};
		F28402FF2522437E00458C7E /* PBXTargetDependency */ = {
			isa = PBXTargetDependency;
			name = "libpd-ios";
			targetProxy = F28402FE2522437E00458C7E /* PBXContainerItemProxy */;
		};
/* End PBXTargetDependency section */

/* Begin PBXVariantGroup section */
		F28402C5252242E400458C7E /* Main.storyboard */ = {
			isa = PBXVariantGroup;
			children = (
				F28402C6252242E400458C7E /* Base */,
			);
			name = Main.storyboard;
			sourceTree = "<group>";
		};
		F28402CA252242EC00458C7E /* LaunchScreen.storyboard */ = {
			isa = PBXVariantGroup;
			children = (
				F28402CB252242EC00458C7E /* Base */,
			);
			name = LaunchScreen.storyboard;
			sourceTree = "<group>";
		};
/* End PBXVariantGroup section */

/* Begin XCBuildConfiguration section */
		F28402E4252242ED00458C7E /* Debug */ = {
			isa = XCBuildConfiguration;
			buildSettings = {
				ALWAYS_SEARCH_USER_PATHS = NO;
				CLANG_ANALYZER_NONNULL = YES;
				CLANG_ANALYZER_NUMBER_OBJECT_CONVERSION = YES_AGGRESSIVE;
				CLANG_CXX_LANGUAGE_STANDARD = "gnu++14";
				CLANG_CXX_LIBRARY = "libc++";
				CLANG_ENABLE_MODULES = YES;
				CLANG_ENABLE_OBJC_ARC = YES;
				CLANG_ENABLE_OBJC_WEAK = YES;
				CLANG_WARN_BLOCK_CAPTURE_AUTORELEASING = YES;
				CLANG_WARN_BOOL_CONVERSION = YES;
				CLANG_WARN_COMMA = YES;
				CLANG_WARN_CONSTANT_CONVERSION = YES;
				CLANG_WARN_DEPRECATED_OBJC_IMPLEMENTATIONS = YES;
				CLANG_WARN_DIRECT_OBJC_ISA_USAGE = YES_ERROR;
				CLANG_WARN_DOCUMENTATION_COMMENTS = YES;
				CLANG_WARN_EMPTY_BODY = YES;
				CLANG_WARN_ENUM_CONVERSION = YES;
				CLANG_WARN_INFINITE_RECURSION = YES;
				CLANG_WARN_INT_CONVERSION = YES;
				CLANG_WARN_NON_LITERAL_NULL_CONVERSION = YES;
				CLANG_WARN_OBJC_IMPLICIT_RETAIN_SELF = YES;
				CLANG_WARN_OBJC_LITERAL_CONVERSION = YES;
				CLANG_WARN_OBJC_ROOT_CLASS = YES_ERROR;
				CLANG_WARN_RANGE_LOOP_ANALYSIS = YES;
				CLANG_WARN_STRICT_PROTOTYPES = YES;
				CLANG_WARN_SUSPICIOUS_MOVE = YES;
				CLANG_WARN_UNGUARDED_AVAILABILITY = YES_AGGRESSIVE;
				CLANG_WARN_UNREACHABLE_CODE = YES;
				CLANG_WARN__DUPLICATE_METHOD_MATCH = YES;
				COPY_PHASE_STRIP = NO;
				DEBUG_INFORMATION_FORMAT = dwarf;
				ENABLE_STRICT_OBJC_MSGSEND = YES;
				ENABLE_TESTABILITY = YES;
				GCC_C_LANGUAGE_STANDARD = gnu11;
				GCC_DYNAMIC_NO_PIC = NO;
				GCC_NO_COMMON_BLOCKS = YES;
				GCC_OPTIMIZATION_LEVEL = 0;
				GCC_PREPROCESSOR_DEFINITIONS = (
					"DEBUG=1",
					"$(inherited)",
				);
				GCC_WARN_64_TO_32_BIT_CONVERSION = YES;
				GCC_WARN_ABOUT_RETURN_TYPE = YES_ERROR;
				GCC_WARN_UNDECLARED_SELECTOR = YES;
				GCC_WARN_UNINITIALIZED_AUTOS = YES_AGGRESSIVE;
				GCC_WARN_UNUSED_FUNCTION = YES;
				GCC_WARN_UNUSED_VARIABLE = YES;
				IPHONEOS_DEPLOYMENT_TARGET = 13.4;
				MTL_ENABLE_DEBUG_INFO = INCLUDE_SOURCE;
				MTL_FAST_MATH = YES;
				ONLY_ACTIVE_ARCH = YES;
				SDKROOT = iphoneos;
				SWIFT_ACTIVE_COMPILATION_CONDITIONS = DEBUG;
				SWIFT_OBJC_BRIDGING_HEADER = "lbPDSwift/lbPDSwift-Bridging-Header.h";
				SWIFT_OPTIMIZATION_LEVEL = "-Onone";
				USER_HEADER_SEARCH_PATHS = "../pd-for-ios/**";
			};
			name = Debug;
		};
		F28402E5252242ED00458C7E /* Release */ = {
			isa = XCBuildConfiguration;
			buildSettings = {
				ALWAYS_SEARCH_USER_PATHS = NO;
				CLANG_ANALYZER_NONNULL = YES;
				CLANG_ANALYZER_NUMBER_OBJECT_CONVERSION = YES_AGGRESSIVE;
				CLANG_CXX_LANGUAGE_STANDARD = "gnu++14";
				CLANG_CXX_LIBRARY = "libc++";
				CLANG_ENABLE_MODULES = YES;
				CLANG_ENABLE_OBJC_ARC = YES;
				CLANG_ENABLE_OBJC_WEAK = YES;
				CLANG_WARN_BLOCK_CAPTURE_AUTORELEASING = YES;
				CLANG_WARN_BOOL_CONVERSION = YES;
				CLANG_WARN_COMMA = YES;
				CLANG_WARN_CONSTANT_CONVERSION = YES;
				CLANG_WARN_DEPRECATED_OBJC_IMPLEMENTATIONS = YES;
				CLANG_WARN_DIRECT_OBJC_ISA_USAGE = YES_ERROR;
				CLANG_WARN_DOCUMENTATION_COMMENTS = YES;
				CLANG_WARN_EMPTY_BODY = YES;
				CLANG_WARN_ENUM_CONVERSION = YES;
				CLANG_WARN_INFINITE_RECURSION = YES;
				CLANG_WARN_INT_CONVERSION = YES;
				CLANG_WARN_NON_LITERAL_NULL_CONVERSION = YES;
				CLANG_WARN_OBJC_IMPLICIT_RETAIN_SELF = YES;
				CLANG_WARN_OBJC_LITERAL_CONVERSION = YES;
				CLANG_WARN_OBJC_ROOT_CLASS = YES_ERROR;
				CLANG_WARN_RANGE_LOOP_ANALYSIS = YES;
				CLANG_WARN_STRICT_PROTOTYPES = YES;
				CLANG_WARN_SUSPICIOUS_MOVE = YES;
				CLANG_WARN_UNGUARDED_AVAILABILITY = YES_AGGRESSIVE;
				CLANG_WARN_UNREACHABLE_CODE = YES;
				CLANG_WARN__DUPLICATE_METHOD_MATCH = YES;
				COPY_PHASE_STRIP = NO;
				DEBUG_INFORMATION_FORMAT = "dwarf-with-dsym";
				ENABLE_NS_ASSERTIONS = NO;
				ENABLE_STRICT_OBJC_MSGSEND = YES;
				GCC_C_LANGUAGE_STANDARD = gnu11;
				GCC_NO_COMMON_BLOCKS = YES;
				GCC_WARN_64_TO_32_BIT_CONVERSION = YES;
				GCC_WARN_ABOUT_RETURN_TYPE = YES_ERROR;
				GCC_WARN_UNDECLARED_SELECTOR = YES;
				GCC_WARN_UNINITIALIZED_AUTOS = YES_AGGRESSIVE;
				GCC_WARN_UNUSED_FUNCTION = YES;
				GCC_WARN_UNUSED_VARIABLE = YES;
				IPHONEOS_DEPLOYMENT_TARGET = 13.4;
				MTL_ENABLE_DEBUG_INFO = NO;
				MTL_FAST_MATH = YES;
				SDKROOT = iphoneos;
				SWIFT_COMPILATION_MODE = wholemodule;
				SWIFT_OBJC_BRIDGING_HEADER = "lbPDSwift/lbPDSwift-Bridging-Header.h";
				SWIFT_OPTIMIZATION_LEVEL = "-O";
				USER_HEADER_SEARCH_PATHS = "../pd-for-ios/**";
				VALIDATE_PRODUCT = YES;
			};
			name = Release;
		};
		F28402E7252242ED00458C7E /* Debug */ = {
			isa = XCBuildConfiguration;
			buildSettings = {
				ASSETCATALOG_COMPILER_APPICON_NAME = AppIcon;
				CLANG_ENABLE_MODULES = YES;
				CODE_SIGN_STYLE = Automatic;
				INFOPLIST_FILE = lbPDSwift/Info.plist;
				LD_RUNPATH_SEARCH_PATHS = (
					"$(inherited)",
					"@executable_path/Frameworks",
				);
				PRODUCT_BUNDLE_IDENTIFIER = com.ttg.lbPDSwift;
				PRODUCT_NAME = "$(TARGET_NAME)";
				SWIFT_OPTIMIZATION_LEVEL = "-Onone";
				SWIFT_VERSION = 5.0;
				TARGETED_DEVICE_FAMILY = "1,2";
			};
			name = Debug;
		};
		F28402E8252242ED00458C7E /* Release */ = {
			isa = XCBuildConfiguration;
			buildSettings = {
				ASSETCATALOG_COMPILER_APPICON_NAME = AppIcon;
				CLANG_ENABLE_MODULES = YES;
				CODE_SIGN_STYLE = Automatic;
				INFOPLIST_FILE = lbPDSwift/Info.plist;
				LD_RUNPATH_SEARCH_PATHS = (
					"$(inherited)",
					"@executable_path/Frameworks",
				);
				PRODUCT_BUNDLE_IDENTIFIER = com.ttg.lbPDSwift;
				PRODUCT_NAME = "$(TARGET_NAME)";
				SWIFT_VERSION = 5.0;
				TARGETED_DEVICE_FAMILY = "1,2";
			};
			name = Release;
		};
		F28402EA252242ED00458C7E /* Debug */ = {
			isa = XCBuildConfiguration;
			buildSettings = {
				ALWAYS_EMBED_SWIFT_STANDARD_LIBRARIES = YES;
				BUNDLE_LOADER = "$(TEST_HOST)";
				CLANG_ENABLE_MODULES = YES;
				CODE_SIGN_STYLE = Automatic;
				INFOPLIST_FILE = lbPDSwiftTests/Info.plist;
				IPHONEOS_DEPLOYMENT_TARGET = 13.4;
				LD_RUNPATH_SEARCH_PATHS = (
					"$(inherited)",
					"@executable_path/Frameworks",
					"@loader_path/Frameworks",
				);
				PRODUCT_BUNDLE_IDENTIFIER = com.ttg.lbPDSwiftTests;
				PRODUCT_NAME = "$(TARGET_NAME)";
				SWIFT_OPTIMIZATION_LEVEL = "-Onone";
				SWIFT_VERSION = 5.0;
				TARGETED_DEVICE_FAMILY = "1,2";
				TEST_HOST = "$(BUILT_PRODUCTS_DIR)/lbPDSwift.app/lbPDSwift";
			};
			name = Debug;
		};
		F28402EB252242ED00458C7E /* Release */ = {
			isa = XCBuildConfiguration;
			buildSettings = {
				ALWAYS_EMBED_SWIFT_STANDARD_LIBRARIES = YES;
				BUNDLE_LOADER = "$(TEST_HOST)";
				CLANG_ENABLE_MODULES = YES;
				CODE_SIGN_STYLE = Automatic;
				INFOPLIST_FILE = lbPDSwiftTests/Info.plist;
				IPHONEOS_DEPLOYMENT_TARGET = 13.4;
				LD_RUNPATH_SEARCH_PATHS = (
					"$(inherited)",
					"@executable_path/Frameworks",
					"@loader_path/Frameworks",
				);
				PRODUCT_BUNDLE_IDENTIFIER = com.ttg.lbPDSwiftTests;
				PRODUCT_NAME = "$(TARGET_NAME)";
				SWIFT_VERSION = 5.0;
				TARGETED_DEVICE_FAMILY = "1,2";
				TEST_HOST = "$(BUILT_PRODUCTS_DIR)/lbPDSwift.app/lbPDSwift";
			};
			name = Release;
		};
		F28402ED252242ED00458C7E /* Debug */ = {
			isa = XCBuildConfiguration;
			buildSettings = {
				ALWAYS_EMBED_SWIFT_STANDARD_LIBRARIES = YES;
				CLANG_ENABLE_MODULES = YES;
				CODE_SIGN_STYLE = Automatic;
				INFOPLIST_FILE = lbPDSwiftUITests/Info.plist;
				LD_RUNPATH_SEARCH_PATHS = (
					"$(inherited)",
					"@executable_path/Frameworks",
					"@loader_path/Frameworks",
				);
				PRODUCT_BUNDLE_IDENTIFIER = com.ttg.lbPDSwiftUITests;
				PRODUCT_NAME = "$(TARGET_NAME)";
				SWIFT_OPTIMIZATION_LEVEL = "-Onone";
				SWIFT_VERSION = 5.0;
				TARGETED_DEVICE_FAMILY = "1,2";
				TEST_TARGET_NAME = lbPDSwift;
			};
			name = Debug;
		};
		F28402EE252242ED00458C7E /* Release */ = {
			isa = XCBuildConfiguration;
			buildSettings = {
				ALWAYS_EMBED_SWIFT_STANDARD_LIBRARIES = YES;
				CLANG_ENABLE_MODULES = YES;
				CODE_SIGN_STYLE = Automatic;
				INFOPLIST_FILE = lbPDSwiftUITests/Info.plist;
				LD_RUNPATH_SEARCH_PATHS = (
					"$(inherited)",
					"@executable_path/Frameworks",
					"@loader_path/Frameworks",
				);
				PRODUCT_BUNDLE_IDENTIFIER = com.ttg.lbPDSwiftUITests;
				PRODUCT_NAME = "$(TARGET_NAME)";
				SWIFT_VERSION = 5.0;
				TARGETED_DEVICE_FAMILY = "1,2";
				TEST_TARGET_NAME = lbPDSwift;
			};
			name = Release;
		};
/* End XCBuildConfiguration section */

/* Begin XCConfigurationList section */
		F28402B7252242E400458C7E /* Build configuration list for PBXProject "lbPDSwift" */ = {
			isa = XCConfigurationList;
			buildConfigurations = (
				F28402E4252242ED00458C7E /* Debug */,
				F28402E5252242ED00458C7E /* Release */,
			);
			defaultConfigurationIsVisible = 0;
			defaultConfigurationName = Release;
		};
		F28402E6252242ED00458C7E /* Build configuration list for PBXNativeTarget "lbPDSwift" */ = {
			isa = XCConfigurationList;
			buildConfigurations = (
				F28402E7252242ED00458C7E /* Debug */,
				F28402E8252242ED00458C7E /* Release */,
			);
			defaultConfigurationIsVisible = 0;
			defaultConfigurationName = Release;
		};
		F28402E9252242ED00458C7E /* Build configuration list for PBXNativeTarget "lbPDSwiftTests" */ = {
			isa = XCConfigurationList;
			buildConfigurations = (
				F28402EA252242ED00458C7E /* Debug */,
				F28402EB252242ED00458C7E /* Release */,
			);
			defaultConfigurationIsVisible = 0;
			defaultConfigurationName = Release;
		};
		F28402EC252242ED00458C7E /* Build configuration list for PBXNativeTarget "lbPDSwiftUITests" */ = {
			isa = XCConfigurationList;
			buildConfigurations = (
				F28402ED252242ED00458C7E /* Debug */,
				F28402EE252242ED00458C7E /* Release */,
			);
			defaultConfigurationIsVisible = 0;
			defaultConfigurationName = Release;
		};
/* End XCConfigurationList section */
	};
	rootObject = F28402B4252242E400458C7E /* Project object */;
}
